
Microsoft Visual Studio Solution File, Format Version 12.00
# Visual Studio 15
VisualStudioVersion = 15.0.28010.2019
MinimumVisualStudioVersion = 10.0.40219.1
Project("{FAE04EC0-301F-11D3-BF4B-00C04F79EFBC}") = "MilitaryUnit1", "MilitaryUnit1\MilitaryUnit1.csproj", "{220BDD1C-C87F-4CBC-AC04-1FEB734CDB7E}"
EndProject
Project("{FAE04EC0-301F-11D3-BF4B-00C04F79EFBC}") = "WeaponSystems", "WeaponSystems\WeaponSystems.csproj", "{F6BDEAE8-53BE-48F3-8E84-925A92589093}"
EndProject
Global
	GlobalSection(SolutionConfigurationPlatforms) = preSolution
		Debug|Any CPU = Debug|Any CPU
		Release|Any CPU = Release|Any CPU
	EndGlobalSection
	GlobalSection(ProjectConfigurationPlatforms) = postSolution
		{220BDD1C-C87F-4CBC-AC04-1FEB734CDB7E}.Debug|Any CPU.ActiveCfg = Debug|Any CPU
		{220BDD1C-C87F-4CBC-AC04-1FEB734CDB7E}.Debug|Any CPU.Build.0 = Debug|Any CPU
		{220BDD1C-C87F-4CBC-AC04-1FEB734CDB7E}.Release|Any CPU.ActiveCfg = Release|Any CPU
		{220BDD1C-C87F-4CBC-AC04-1FEB734CDB7E}.Release|Any CPU.Build.0 = Release|Any CPU
		{F6BDEAE8-53BE-48F3-8E84-925A92589093}.Debug|Any CPU.ActiveCfg = Debug|Any CPU
		{F6BDEAE8-53BE-48F3-8E84-925A92589093}.Debug|Any CPU.Build.0 = Debug|Any CPU
		{F6BDEAE8-53BE-48F3-8E84-925A92589093}.Release|Any CPU.ActiveCfg = Release|Any CPU
		{F6BDEAE8-53BE-48F3-8E84-925A92589093}.Release|Any CPU.Build.0 = Release|Any CPU
	EndGlobalSection
	GlobalSection(SolutionProperties) = preSolution
		HideSolutionNode = FALSE
	EndGlobalSection
	GlobalSection(ExtensibilityGlobals) = postSolution
		SolutionGuid = {B891C07C-D1F4-4993-8EA6-63B6519053B5}
	EndGlobalSection
EndGlobal
